
Microsoft Visual Studio Solution File, Format Version 12.00
# Visual Studio Version 16
VisualStudioVersion = 16.0.31313.79
MinimumVisualStudioVersion = 10.0.40219.1
Project("{FAE04EC0-301F-11D3-BF4B-00C04F79EFBC}") = "InglesForKids.UWP", "InglesForKids\InglesForKids.UWP\InglesForKids.UWP.csproj", "{CBFF9F2C-E482-484B-BB72-6ABA2080F98D}"
EndProject
Project("{FAE04EC0-301F-11D3-BF4B-00C04F79EFBC}") = "InglesForKids.Android", "InglesForKids\InglesForKids.Android\InglesForKids.Android.csproj", "{B018AFFC-75D1-4EA4-8573-CCFD1B202F81}"
EndProject
Project("{FAE04EC0-301F-11D3-BF4B-00C04F79EFBC}") = "InglesForKids.iOS", "InglesForKids\InglesForKids.iOS\InglesForKids.iOS.csproj", "{98B7383B-0946-45E2-A11D-E06F67FD1A16}"
EndProject
Project("{FAE04EC0-301F-11D3-BF4B-00C04F79EFBC}") = "InglesForKids", "InglesForKids\InglesForKids\InglesForKids.csproj", "{15113147-DC34-4544-8007-204598595C0E}"
EndProject
Global
	GlobalSection(SolutionConfigurationPlatforms) = preSolution
		Debug|Any CPU = Debug|Any CPU
		Debug|ARM = Debug|ARM
		Debug|iPhone = Debug|iPhone
		Debug|iPhoneSimulator = Debug|iPhoneSimulator
		Debug|x64 = Debug|x64
		Debug|x86 = Debug|x86
		Release|Any CPU = Release|Any CPU
		Release|ARM = Release|ARM
		Release|iPhone = Release|iPhone
		Release|iPhoneSimulator = Release|iPhoneSimulator
		Release|x64 = Release|x64
		Release|x86 = Release|x86
	EndGlobalSection
	GlobalSection(ProjectConfigurationPlatforms) = postSolution
		{CBFF9F2C-E482-484B-BB72-6ABA2080F98D}.Debug|Any CPU.ActiveCfg = Debug|x86
		{CBFF9F2C-E482-484B-BB72-6ABA2080F98D}.Debug|Any CPU.Build.0 = Debug|x86
		{CBFF9F2C-E482-484B-BB72-6ABA2080F98D}.Debug|Any CPU.Deploy.0 = Debug|x86
		{CBFF9F2C-E482-484B-BB72-6ABA2080F98D}.Debug|ARM.ActiveCfg = Debug|ARM
		{CBFF9F2C-E482-484B-BB72-6ABA2080F98D}.Debug|ARM.Build.0 = Debug|ARM
		{CBFF9F2C-E482-484B-BB72-6ABA2080F98D}.Debug|ARM.Deploy.0 = Debug|ARM
		{CBFF9F2C-E482-484B-BB72-6ABA2080F98D}.Debug|iPhone.ActiveCfg = Debug|x86
		{CBFF9F2C-E482-484B-BB72-6ABA2080F98D}.Debug|iPhone.Build.0 = Debug|x86
		{CBFF9F2C-E482-484B-BB72-6ABA2080F98D}.Debug|iPhone.Deploy.0 = Debug|x86
		{CBFF9F2C-E482-484B-BB72-6ABA2080F98D}.Debug|iPhoneSimulator.ActiveCfg = Debug|x86
		{CBFF9F2C-E482-484B-BB72-6ABA2080F98D}.Debug|iPhoneSimulator.Build.0 = Debug|x86
		{CBFF9F2C-E482-484B-BB72-6ABA2080F98D}.Debug|iPhoneSimulator.Deploy.0 = Debug|x86
		{CBFF9F2C-E482-484B-BB72-6ABA2080F98D}.Debug|x64.ActiveCfg = Debug|x64
		{CBFF9F2C-E482-484B-BB72-6ABA2080F98D}.Debug|x64.Build.0 = Debug|x64
		{CBFF9F2C-E482-484B-BB72-6ABA2080F98D}.Debug|x64.Deploy.0 = Debug|x64
		{CBFF9F2C-E482-484B-BB72-6ABA2080F98D}.Debug|x86.ActiveCfg = Debug|x86
		{CBFF9F2C-E482-484B-BB72-6ABA2080F98D}.Debug|x86.Build.0 = Debug|x86
		{CBFF9F2C-E482-484B-BB72-6ABA2080F98D}.Debug|x86.Deploy.0 = Debug|x86
		{CBFF9F2C-E482-484B-BB72-6ABA2080F98D}.Release|Any CPU.ActiveCfg = Release|x86
		{CBFF9F2C-E482-484B-BB72-6ABA2080F98D}.Release|Any CPU.Build.0 = Release|x86
		{CBFF9F2C-E482-484B-BB72-6ABA2080F98D}.Release|Any CPU.Deploy.0 = Release|x86
		{CBFF9F2C-E482-484B-BB72-6ABA2080F98D}.Release|ARM.ActiveCfg = Release|ARM
		{CBFF9F2C-E482-484B-BB72-6ABA2080F98D}.Release|ARM.Build.0 = Release|ARM
		{CBFF9F2C-E482-484B-BB72-6ABA2080F98D}.Release|ARM.Deploy.0 = Release|ARM
		{CBFF9F2C-E482-484B-BB72-6ABA2080F98D}.Release|iPhone.ActiveCfg = Release|x86
		{CBFF9F2C-E482-484B-BB72-6ABA2080F98D}.Release|iPhone.Build.0 = Release|x86
		{CBFF9F2C-E482-484B-BB72-6ABA2080F98D}.Release|iPhone.Deploy.0 = Release|x86
		{CBFF9F2C-E482-484B-BB72-6ABA2080F98D}.Release|iPhoneSimulator.ActiveCfg = Release|x86
		{CBFF9F2C-E482-484B-BB72-6ABA2080F98D}.Release|iPhoneSimulator.Build.0 = Release|x86
		{CBFF9F2C-E482-484B-BB72-6ABA2080F98D}.Release|iPhoneSimulator.Deploy.0 = Release|x86
		{CBFF9F2C-E482-484B-BB72-6ABA2080F98D}.Release|x64.ActiveCfg = Release|x64
		{CBFF9F2C-E482-484B-BB72-6ABA2080F98D}.Release|x64.Build.0 = Release|x64
		{CBFF9F2C-E482-484B-BB72-6ABA2080F98D}.Release|x64.Deploy.0 = Release|x64
		{CBFF9F2C-E482-484B-BB72-6ABA2080F98D}.Release|x86.ActiveCfg = Release|x86
		{CBFF9F2C-E482-484B-BB72-6ABA2080F98D}.Release|x86.Build.0 = Release|x86
		{CBFF9F2C-E482-484B-BB72-6ABA2080F98D}.Release|x86.Deploy.0 = Release|x86
		{B018AFFC-75D1-4EA4-8573-CCFD1B202F81}.Debug|Any CPU.ActiveCfg = Debug|Any CPU
		{B018AFFC-75D1-4EA4-8573-CCFD1B202F81}.Debug|Any CPU.Build.0 = Debug|Any CPU
		{B018AFFC-75D1-4EA4-8573-CCFD1B202F81}.Debug|Any CPU.Deploy.0 = Debug|Any CPU
		{B018AFFC-75D1-4EA4-8573-CCFD1B202F81}.Debug|ARM.ActiveCfg = Debug|Any CPU
		{B018AFFC-75D1-4EA4-8573-CCFD1B202F81}.Debug|ARM.Build.0 = Debug|Any CPU
		{B018AFFC-75D1-4EA4-8573-CCFD1B202F81}.Debug|ARM.Deploy.0 = Debug|Any CPU
		{B018AFFC-75D1-4EA4-8573-CCFD1B202F81}.Debug|iPhone.ActiveCfg = Debug|Any CPU
		{B018AFFC-75D1-4EA4-8573-CCFD1B202F81}.Debug|iPhone.Build.0 = Debug|Any CPU
		{B018AFFC-75D1-4EA4-8573-CCFD1B202F81}.Debug|iPhone.Deploy.0 = Debug|Any CPU
		{B018AFFC-75D1-4EA4-8573-CCFD1B202F81}.Debug|iPhoneSimulator.ActiveCfg = Debug|Any CPU
		{B018AFFC-75D1-4EA4-8573-CCFD1B202F81}.Debug|iPhoneSimulator.Build.0 = Debug|Any CPU
		{B018AFFC-75D1-4EA4-8573-CCFD1B202F81}.Debug|iPhoneSimulator.Deploy.0 = Debug|Any CPU
		{B018AFFC-75D1-4EA4-8573-CCFD1B202F81}.Debug|x64.ActiveCfg = Debug|Any CPU
		{B018AFFC-75D1-4EA4-8573-CCFD1B202F81}.Debug|x64.Build.0 = Debug|Any CPU
		{B018AFFC-75D1-4EA4-8573-CCFD1B202F81}.Debug|x64.Deploy.0 = Debug|Any CPU
		{B018AFFC-75D1-4EA4-8573-CCFD1B202F81}.Debug|x86.ActiveCfg = Debug|Any CPU
		{B018AFFC-75D1-4EA4-8573-CCFD1B202F81}.Debug|x86.Build.0 = Debug|Any CPU
		{B018AFFC-75D1-4EA4-8573-CCFD1B202F81}.Debug|x86.Deploy.0 = Debug|Any CPU
		{B018AFFC-75D1-4EA4-8573-CCFD1B202F81}.Release|Any CPU.ActiveCfg = Release|Any CPU
		{B018AFFC-75D1-4EA4-8573-CCFD1B202F81}.Release|Any CPU.Build.0 = Release|Any CPU
		{B018AFFC-75D1-4EA4-8573-CCFD1B202F81}.Release|Any CPU.Deploy.0 = Release|Any CPU
		{B018AFFC-75D1-4EA4-8573-CCFD1B202F81}.Release|ARM.ActiveCfg = Release|Any CPU
		{B018AFFC-75D1-4EA4-8573-CCFD1B202F81}.Release|ARM.Build.0 = Release|Any CPU
		{B018AFFC-75D1-4EA4-8573-CCFD1B202F81}.Release|ARM.Deploy.0 = Release|Any CPU
		{B018AFFC-75D1-4EA4-8573-CCFD1B202F81}.Release|iPhone.ActiveCfg = Release|Any CPU
		{B018AFFC-75D1-4EA4-8573-CCFD1B202F81}.Release|iPhone.Build.0 = Release|Any CPU
		{B018AFFC-75D1-4EA4-8573-CCFD1B202F81}.Release|iPhone.Deploy.0 = Release|Any CPU
		{B018AFFC-75D1-4EA4-8573-CCFD1B202F81}.Release|iPhoneSimulator.ActiveCfg = Release|Any CPU
		{B018AFFC-75D1-4EA4-8573-CCFD1B202F81}.Release|iPhoneSimulator.Build.0 = Release|Any CPU
		{B018AFFC-75D1-4EA4-8573-CCFD1B202F81}.Release|iPhoneSimulator.Deploy.0 = Release|Any CPU
		{B018AFFC-75D1-4EA4-8573-CCFD1B202F81}.Release|x64.ActiveCfg = Release|Any CPU
		{B018AFFC-75D1-4EA4-8573-CCFD1B202F81}.Release|x64.Build.0 = Release|Any CPU
		{B018AFFC-75D1-4EA4-8573-CCFD1B202F81}.Release|x64.Deploy.0 = Release|Any CPU
		{B018AFFC-75D1-4EA4-8573-CCFD1B202F81}.Release|x86.ActiveCfg = Release|Any CPU
		{B018AFFC-75D1-4EA4-8573-CCFD1B202F81}.Release|x86.Build.0 = Release|Any CPU
		{B018AFFC-75D1-4EA4-8573-CCFD1B202F81}.Release|x86.Deploy.0 = Release|Any CPU
		{98B7383B-0946-45E2-A11D-E06F67FD1A16}.Debug|Any CPU.ActiveCfg = Debug|iPhoneSimulator
		{98B7383B-0946-45E2-A11D-E06F67FD1A16}.Debug|Any CPU.Build.0 = Debug|iPhoneSimulator
		{98B7383B-0946-45E2-A11D-E06F67FD1A16}.Debug|Any CPU.Deploy.0 = Debug|iPhoneSimulator
		{98B7383B-0946-45E2-A11D-E06F67FD1A16}.Debug|ARM.ActiveCfg = Debug|iPhone
		{98B7383B-0946-45E2-A11D-E06F67FD1A16}.Debug|ARM.Build.0 = Debug|iPhone
		{98B7383B-0946-45E2-A11D-E06F67FD1A16}.Debug|ARM.Deploy.0 = Debug|iPhone
		{98B7383B-0946-45E2-A11D-E06F67FD1A16}.Debug|iPhone.ActiveCfg = Debug|iPhone
		{98B7383B-0946-45E2-A11D-E06F67FD1A16}.Debug|iPhone.Build.0 = Debug|iPhone
		{98B7383B-0946-45E2-A11D-E06F67FD1A16}.Debug|iPhone.Deploy.0 = Debug|iPhone
		{98B7383B-0946-45E2-A11D-E06F67FD1A16}.Debug|iPhoneSimulator.ActiveCfg = Debug|iPhoneSimulator
		{98B7383B-0946-45E2-A11D-E06F67FD1A16}.Debug|iPhoneSimulator.Build.0 = Debug|iPhoneSimulator
		{98B7383B-0946-45E2-A11D-E06F67FD1A16}.Debug|iPhoneSimulator.Deploy.0 = Debug|iPhoneSimulator
		{98B7383B-0946-45E2-A11D-E06F67FD1A16}.Debug|x64.ActiveCfg = Debug|iPhoneSimulator
		{98B7383B-0946-45E2-A11D-E06F67FD1A16}.Debug|x64.Build.0 = Debug|iPhoneSimulator
		{98B7383B-0946-45E2-A11D-E06F67FD1A16}.Debug|x64.Deploy.0 = Debug|iPhoneSimulator
		{98B7383B-0946-45E2-A11D-E06F67FD1A16}.Debug|x86.ActiveCfg = Debug|iPhoneSimulator
		{98B7383B-0946-45E2-A11D-E06F67FD1A16}.Debug|x86.Build.0 = Debug|iPhoneSimulator
		{98B7383B-0946-45E2-A11D-E06F67FD1A16}.Debug|x86.Deploy.0 = Debug|iPhoneSimulator
		{98B7383B-0946-45E2-A11D-E06F67FD1A16}.Release|Any CPU.ActiveCfg = Release|iPhoneSimulator
		{98B7383B-0946-45E2-A11D-E06F67FD1A16}.Release|Any CPU.Build.0 = Release|iPhoneSimulator
		{98B7383B-0946-45E2-A11D-E06F67FD1A16}.Release|Any CPU.Deploy.0 = Release|iPhoneSimulator
		{98B7383B-0946-45E2-A11D-E06F67FD1A16}.Release|ARM.ActiveCfg = Release|iPhoneSimulator
		{98B7383B-0946-45E2-A11D-E06F67FD1A16}.Release|ARM.Build.0 = Release|iPhoneSimulator
		{98B7383B-0946-45E2-A11D-E06F67FD1A16}.Release|ARM.Deploy.0 = Release|iPhoneSimulator
		{98B7383B-0946-45E2-A11D-E06F67FD1A16}.Release|iPhone.ActiveCfg = Release|iPhone
		{98B7383B-0946-45E2-A11D-E06F67FD1A16}.Release|iPhone.Build.0 = Release|iPhone
		{98B7383B-0946-45E2-A11D-E06F67FD1A16}.Release|iPhone.Deploy.0 = Release|iPhone
		{98B7383B-0946-45E2-A11D-E06F67FD1A16}.Release|iPhoneSimulator.ActiveCfg = Release|iPhoneSimulator
		{98B7383B-0946-45E2-A11D-E06F67FD1A16}.Release|iPhoneSimulator.Build.0 = Release|iPhoneSimulator
		{98B7383B-0946-45E2-A11D-E06F67FD1A16}.Release|iPhoneSimulator.Deploy.0 = Release|iPhoneSimulator
		{98B7383B-0946-45E2-A11D-E06F67FD1A16}.Release|x64.ActiveCfg = Release|iPhoneSimulator
		{98B7383B-0946-45E2-A11D-E06F67FD1A16}.Release|x64.Build.0 = Release|iPhoneSimulator
		{98B7383B-0946-45E2-A11D-E06F67FD1A16}.Release|x64.Deploy.0 = Release|iPhoneSimulator
		{98B7383B-0946-45E2-A11D-E06F67FD1A16}.Release|x86.ActiveCfg = Release|iPhoneSimulator
		{98B7383B-0946-45E2-A11D-E06F67FD1A16}.Release|x86.Build.0 = Release|iPhoneSimulator
		{98B7383B-0946-45E2-A11D-E06F67FD1A16}.Release|x86.Deploy.0 = Release|iPhoneSimulator
		{15113147-DC34-4544-8007-204598595C0E}.Debug|Any CPU.ActiveCfg = Debug|Any CPU
		{15113147-DC34-4544-8007-204598595C0E}.Debug|Any CPU.Build.0 = Debug|Any CPU
		{15113147-DC34-4544-8007-204598595C0E}.Debug|Any CPU.Deploy.0 = Debug|Any CPU
		{15113147-DC34-4544-8007-204598595C0E}.Debug|ARM.ActiveCfg = Debug|Any CPU
		{15113147-DC34-4544-8007-204598595C0E}.Debug|ARM.Build.0 = Debug|Any CPU
		{15113147-DC34-4544-8007-204598595C0E}.Debug|ARM.Deploy.0 = Debug|Any CPU
		{15113147-DC34-4544-8007-204598595C0E}.Debug|iPhone.ActiveCfg = Debug|Any CPU
		{15113147-DC34-4544-8007-204598595C0E}.Debug|iPhone.Build.0 = Debug|Any CPU
		{15113147-DC34-4544-8007-204598595C0E}.Debug|iPhone.Deploy.0 = Debug|Any CPU
		{15113147-DC34-4544-8007-204598595C0E}.Debug|iPhoneSimulator.ActiveCfg = Debug|Any CPU
		{15113147-DC34-4544-8007-204598595C0E}.Debug|iPhoneSimulator.Build.0 = Debug|Any CPU
		{15113147-DC34-4544-8007-204598595C0E}.Debug|iPhoneSimulator.Deploy.0 = Debug|Any CPU
		{15113147-DC34-4544-8007-204598595C0E}.Debug|x64.ActiveCfg = Debug|Any CPU
		{15113147-DC34-4544-8007-204598595C0E}.Debug|x64.Build.0 = Debug|Any CPU
		{15113147-DC34-4544-8007-204598595C0E}.Debug|x64.Deploy.0 = Debug|Any CPU
		{15113147-DC34-4544-8007-204598595C0E}.Debug|x86.ActiveCfg = Debug|Any CPU
		{15113147-DC34-4544-8007-204598595C0E}.Debug|x86.Build.0 = Debug|Any CPU
		{15113147-DC34-4544-8007-204598595C0E}.Debug|x86.Deploy.0 = Debug|Any CPU
		{15113147-DC34-4544-8007-204598595C0E}.Release|Any CPU.ActiveCfg = Release|Any CPU
		{15113147-DC34-4544-8007-204598595C0E}.Release|Any CPU.Build.0 = Release|Any CPU
		{15113147-DC34-4544-8007-204598595C0E}.Release|Any CPU.Deploy.0 = Release|Any CPU
		{15113147-DC34-4544-8007-204598595C0E}.Release|ARM.ActiveCfg = Release|Any CPU
		{15113147-DC34-4544-8007-204598595C0E}.Release|ARM.Build.0 = Release|Any CPU
		{15113147-DC34-4544-8007-204598595C0E}.Release|ARM.Deploy.0 = Release|Any CPU
		{15113147-DC34-4544-8007-204598595C0E}.Release|iPhone.ActiveCfg = Release|Any CPU
		{15113147-DC34-4544-8007-204598595C0E}.Release|iPhone.Build.0 = Release|Any CPU
		{15113147-DC34-4544-8007-204598595C0E}.Release|iPhone.Deploy.0 = Release|Any CPU
		{15113147-DC34-4544-8007-204598595C0E}.Release|iPhoneSimulator.ActiveCfg = Release|Any CPU
		{15113147-DC34-4544-8007-204598595C0E}.Release|iPhoneSimulator.Build.0 = Release|Any CPU
		{15113147-DC34-4544-8007-204598595C0E}.Release|iPhoneSimulator.Deploy.0 = Release|Any CPU
		{15113147-DC34-4544-8007-204598595C0E}.Release|x64.ActiveCfg = Release|Any CPU
		{15113147-DC34-4544-8007-204598595C0E}.Release|x64.Build.0 = Release|Any CPU
		{15113147-DC34-4544-8007-204598595C0E}.Release|x64.Deploy.0 = Release|Any CPU
		{15113147-DC34-4544-8007-204598595C0E}.Release|x86.ActiveCfg = Release|Any CPU
		{15113147-DC34-4544-8007-204598595C0E}.Release|x86.Build.0 = Release|Any CPU
		{15113147-DC34-4544-8007-204598595C0E}.Release|x86.Deploy.0 = Release|Any CPU
	EndGlobalSection
	GlobalSection(SolutionProperties) = preSolution
		HideSolutionNode = FALSE
	EndGlobalSection
	GlobalSection(ExtensibilityGlobals) = postSolution
		SolutionGuid = {050FA5EB-FBF4-4256-AAFA-61FB9CD5CA48}
	EndGlobalSection
EndGlobal
